
Microsoft Visual Studio Solution File, Format Version 12.00
# Visual Studio Version 16
VisualStudioVersion = 16.0.29324.140
MinimumVisualStudioVersion = 10.0.40219.1
Project("{9A19103F-16F7-4668-BE54-9A1E7A4F7556}") = "BankDbHelper", "BankDbHelper\BankDbHelper.csproj", "{F34AB239-6A29-4FAA-9586-282D6ADA74DE}"
EndProject
Project("{9A19103F-16F7-4668-BE54-9A1E7A4F7556}") = "AutoScheduleApi", "AutoScheduleApi\AutoScheduleApi.csproj", "{3CE8866A-48DD-4BBD-97A4-A9C3A6B71CD4}"
EndProject
Project("{9A19103F-16F7-4668-BE54-9A1E7A4F7556}") = "Identity4Center", "Identity4Center\Identity4Center.csproj", "{24D32422-80BB-48EC-B518-AEE35874CCE0}"
EndProject
Project("{9A19103F-16F7-4668-BE54-9A1E7A4F7556}") = "ExcuteInterface", "ExcuteInterface\ExcuteInterface.csproj", "{360CB5C0-642E-4252-AFDE-D789A7AF8E79}"
EndProject
Project("{9A19103F-16F7-4668-BE54-9A1E7A4F7556}") = "AutoSchedule", "AutoSchedule\AutoSchedule.csproj", "{96537CE0-5320-4336-ADC0-D705AE3E1FF1}"
EndProject
Project("{9A19103F-16F7-4668-BE54-9A1E7A4F7556}") = "AutoTask", "AutoTask\AutoTask.csproj", "{A27C6CDA-88A7-4F91-B45C-627AF308BAC2}"
EndProject
Project("{9A19103F-16F7-4668-BE54-9A1E7A4F7556}") = "TestConsole", "TestConsole\TestConsole.csproj", "{D865AA18-8EF1-4F66-BABC-A8817F2A7F04}"
EndProject
Project("{2150E333-8FDC-42A3-9474-1A3956D46DE8}") = "AspNet_MVC", "AspNet_MVC", "{A513AAC0-47CF-4D95-A47D-79F2393B4BEE}"
EndProject
Project("{2150E333-8FDC-42A3-9474-1A3956D46DE8}") = "FrontAndBackEndSeparate", "FrontAndBackEndSeparate", "{5E010195-0E4C-4B83-B2E4-881AB9E5FB83}"
EndProject
Project("{2150E333-8FDC-42A3-9474-1A3956D46DE8}") = "Test", "Test", "{FE334B11-9B00-49AE-AE68-2DCAF9A9165C}"
EndProject
Project("{9A19103F-16F7-4668-BE54-9A1E7A4F7556}") = "TaskApi", "TaskApi\TaskApi.csproj", "{DE3402F5-D7B0-4F9E-9F1C-3832F7795D41}"
EndProject
Global
	GlobalSection(SolutionConfigurationPlatforms) = preSolution
		Debug|Any CPU = Debug|Any CPU
		Release|Any CPU = Release|Any CPU
	EndGlobalSection
	GlobalSection(ProjectConfigurationPlatforms) = postSolution
		{F34AB239-6A29-4FAA-9586-282D6ADA74DE}.Debug|Any CPU.ActiveCfg = Debug|Any CPU
		{F34AB239-6A29-4FAA-9586-282D6ADA74DE}.Debug|Any CPU.Build.0 = Debug|Any CPU
		{F34AB239-6A29-4FAA-9586-282D6ADA74DE}.Release|Any CPU.ActiveCfg = Release|Any CPU
		{F34AB239-6A29-4FAA-9586-282D6ADA74DE}.Release|Any CPU.Build.0 = Release|Any CPU
		{3CE8866A-48DD-4BBD-97A4-A9C3A6B71CD4}.Debug|Any CPU.ActiveCfg = Debug|Any CPU
		{3CE8866A-48DD-4BBD-97A4-A9C3A6B71CD4}.Debug|Any CPU.Build.0 = Debug|Any CPU
		{3CE8866A-48DD-4BBD-97A4-A9C3A6B71CD4}.Release|Any CPU.ActiveCfg = Release|Any CPU
		{3CE8866A-48DD-4BBD-97A4-A9C3A6B71CD4}.Release|Any CPU.Build.0 = Release|Any CPU
		{24D32422-80BB-48EC-B518-AEE35874CCE0}.Debug|Any CPU.ActiveCfg = Debug|Any CPU
		{24D32422-80BB-48EC-B518-AEE35874CCE0}.Debug|Any CPU.Build.0 = Debug|Any CPU
		{24D32422-80BB-48EC-B518-AEE35874CCE0}.Release|Any CPU.ActiveCfg = Release|Any CPU
		{24D32422-80BB-48EC-B518-AEE35874CCE0}.Release|Any CPU.Build.0 = Release|Any CPU
		{360CB5C0-642E-4252-AFDE-D789A7AF8E79}.Debug|Any CPU.ActiveCfg = Debug|Any CPU
		{360CB5C0-642E-4252-AFDE-D789A7AF8E79}.Debug|Any CPU.Build.0 = Debug|Any CPU
		{360CB5C0-642E-4252-AFDE-D789A7AF8E79}.Release|Any CPU.ActiveCfg = Release|Any CPU
		{360CB5C0-642E-4252-AFDE-D789A7AF8E79}.Release|Any CPU.Build.0 = Release|Any CPU
		{96537CE0-5320-4336-ADC0-D705AE3E1FF1}.Debug|Any CPU.ActiveCfg = Debug|Any CPU
		{96537CE0-5320-4336-ADC0-D705AE3E1FF1}.Debug|Any CPU.Build.0 = Debug|Any CPU
		{96537CE0-5320-4336-ADC0-D705AE3E1FF1}.Release|Any CPU.ActiveCfg = Release|Any CPU
		{96537CE0-5320-4336-ADC0-D705AE3E1FF1}.Release|Any CPU.Build.0 = Release|Any CPU
		{A27C6CDA-88A7-4F91-B45C-627AF308BAC2}.Debug|Any CPU.ActiveCfg = Debug|Any CPU
		{A27C6CDA-88A7-4F91-B45C-627AF308BAC2}.Debug|Any CPU.Build.0 = Debug|Any CPU
		{A27C6CDA-88A7-4F91-B45C-627AF308BAC2}.Release|Any CPU.ActiveCfg = Release|Any CPU
		{A27C6CDA-88A7-4F91-B45C-627AF308BAC2}.Release|Any CPU.Build.0 = Release|Any CPU
		{D865AA18-8EF1-4F66-BABC-A8817F2A7F04}.Debug|Any CPU.ActiveCfg = Debug|Any CPU
		{D865AA18-8EF1-4F66-BABC-A8817F2A7F04}.Debug|Any CPU.Build.0 = Debug|Any CPU
		{D865AA18-8EF1-4F66-BABC-A8817F2A7F04}.Release|Any CPU.ActiveCfg = Release|Any CPU
		{D865AA18-8EF1-4F66-BABC-A8817F2A7F04}.Release|Any CPU.Build.0 = Release|Any CPU
		{DE3402F5-D7B0-4F9E-9F1C-3832F7795D41}.Debug|Any CPU.ActiveCfg = Debug|Any CPU
		{DE3402F5-D7B0-4F9E-9F1C-3832F7795D41}.Debug|Any CPU.Build.0 = Debug|Any CPU
		{DE3402F5-D7B0-4F9E-9F1C-3832F7795D41}.Release|Any CPU.ActiveCfg = Release|Any CPU
		{DE3402F5-D7B0-4F9E-9F1C-3832F7795D41}.Release|Any CPU.Build.0 = Release|Any CPU
	EndGlobalSection
	GlobalSection(SolutionProperties) = preSolution
		HideSolutionNode = FALSE
	EndGlobalSection
	GlobalSection(NestedProjects) = preSolution
		{F34AB239-6A29-4FAA-9586-282D6ADA74DE} = {A513AAC0-47CF-4D95-A47D-79F2393B4BEE}
		{3CE8866A-48DD-4BBD-97A4-A9C3A6B71CD4} = {5E010195-0E4C-4B83-B2E4-881AB9E5FB83}
		{24D32422-80BB-48EC-B518-AEE35874CCE0} = {5E010195-0E4C-4B83-B2E4-881AB9E5FB83}
		{360CB5C0-642E-4252-AFDE-D789A7AF8E79} = {A513AAC0-47CF-4D95-A47D-79F2393B4BEE}
		{96537CE0-5320-4336-ADC0-D705AE3E1FF1} = {A513AAC0-47CF-4D95-A47D-79F2393B4BEE}
		{A27C6CDA-88A7-4F91-B45C-627AF308BAC2} = {A513AAC0-47CF-4D95-A47D-79F2393B4BEE}
		{D865AA18-8EF1-4F66-BABC-A8817F2A7F04} = {FE334B11-9B00-49AE-AE68-2DCAF9A9165C}
		{DE3402F5-D7B0-4F9E-9F1C-3832F7795D41} = {A513AAC0-47CF-4D95-A47D-79F2393B4BEE}
	EndGlobalSection
	GlobalSection(ExtensibilityGlobals) = postSolution
		SolutionGuid = {843AF85E-F78B-4F06-A109-38363E6B8DE0}
	EndGlobalSection
EndGlobal
